
Microsoft Visual Studio Solution File, Format Version 12.00
# Visual Studio Version 16
VisualStudioVersion = 16.0.31911.196
MinimumVisualStudioVersion = 10.0.40219.1
Project("{FAE04EC0-301F-11D3-BF4B-00C04F79EFBC}") = "JsonVeriCekme", "JsonVeriCekme\JsonVeriCekme.csproj", "{323FB3C3-C207-4AB6-96DA-F087E7DD7877}"
EndProject
Global
	GlobalSection(SolutionConfigurationPlatforms) = preSolution
		Debug|Any CPU = Debug|Any CPU
		Release|Any CPU = Release|Any CPU
	EndGlobalSection
	GlobalSection(ProjectConfigurationPlatforms) = postSolution
		{323FB3C3-C207-4AB6-96DA-F087E7DD7877}.Debug|Any CPU.ActiveCfg = Debug|Any CPU
		{323FB3C3-C207-4AB6-96DA-F087E7DD7877}.Debug|Any CPU.Build.0 = Debug|Any CPU
		{323FB3C3-C207-4AB6-96DA-F087E7DD7877}.Release|Any CPU.ActiveCfg = Release|Any CPU
		{323FB3C3-C207-4AB6-96DA-F087E7DD7877}.Release|Any CPU.Build.0 = Release|Any CPU
	EndGlobalSection
	GlobalSection(SolutionProperties) = preSolution
		HideSolutionNode = FALSE
	EndGlobalSection
	GlobalSection(ExtensibilityGlobals) = postSolution
		SolutionGuid = {E2E7BFBD-7C12-4DA7-B63E-61BB03B50C53}
	EndGlobalSection
EndGlobal
